// !$*UTF8*$!
{
	archiveVersion = 1;
	classes = {
	};
	objectVersion = 77;
	objects = {

/* Begin PBXBuildFile section */
		AAEC34062DB0C5FE00B950CD /* Lottie in Frameworks */ = {isa = PBXBuildFile; productRef = AAEC34052DB0C5FE00B950CD /* Lottie */; };
		AAF17DE22DA64488000119B7 /* SnapKit in Frameworks */ = {isa = PBXBuildFile; productRef = AAF17DE12DA64488000119B7 /* SnapKit */; };
		AAF17DE82DA644E9000119B7 /* Alamofire in Frameworks */ = {isa = PBXBuildFile; productRef = AAF17DE72DA644E9000119B7 /* Alamofire */; };
		AAF1843E2DAF730A000119B7 /* GoogleGenerativeAI in Frameworks */ = {isa = PBXBuildFile; productRef = AAF1843D2DAF730A000119B7 /* GoogleGenerativeAI */; };
/* End PBXBuildFile section */

/* Begin PBXContainerItemProxy section */
		AAF17DBE2DA63314000119B7 /* PBXContainerItemProxy */ = {
			isa = PBXContainerItemProxy;
			containerPortal = AAF17D9F2DA63313000119B7 /* Project object */;
			proxyType = 1;
			remoteGlobalIDString = AAF17DA62DA63313000119B7;
			remoteInfo = kkeulmit;
		};
		AAF17DC82DA63314000119B7 /* PBXContainerItemProxy */ = {
			isa = PBXContainerItemProxy;
			containerPortal = AAF17D9F2DA63313000119B7 /* Project object */;
			proxyType = 1;
			remoteGlobalIDString = AAF17DA62DA63313000119B7;
			remoteInfo = kkeulmit;
		};
/* End PBXContainerItemProxy section */

/* Begin PBXFileReference section */
		AAF17DA72DA63313000119B7 /* kkeulmit.app */ = {isa = PBXFileReference; explicitFileType = wrapper.application; includeInIndex = 0; path = kkeulmit.app; sourceTree = BUILT_PRODUCTS_DIR; };
		AAF17DBD2DA63314000119B7 /* kkeulmitTests.xctest */ = {isa = PBXFileReference; explicitFileType = wrapper.cfbundle; includeInIndex = 0; path = kkeulmitTests.xctest; sourceTree = BUILT_PRODUCTS_DIR; };
		AAF17DC72DA63314000119B7 /* kkeulmitUITests.xctest */ = {isa = PBXFileReference; explicitFileType = wrapper.cfbundle; includeInIndex = 0; path = kkeulmitUITests.xctest; sourceTree = BUILT_PRODUCTS_DIR; };
/* End PBXFileReference section */

/* Begin PBXFileSystemSynchronizedBuildFileExceptionSet section */
		AAF17DCF2DA63314000119B7 /* Exceptions for "kkeulmit" folder in "kkeulmit" target */ = {
			isa = PBXFileSystemSynchronizedBuildFileExceptionSet;
			membershipExceptions = (
				Info.plist,
			);
			target = AAF17DA62DA63313000119B7 /* kkeulmit */;
		};
/* End PBXFileSystemSynchronizedBuildFileExceptionSet section */

/* Begin PBXFileSystemSynchronizedRootGroup section */
		AAF17DA92DA63313000119B7 /* kkeulmit */ = {
			isa = PBXFileSystemSynchronizedRootGroup;
			exceptions = (
				AAF17DCF2DA63314000119B7 /* Exceptions for "kkeulmit" folder in "kkeulmit" target */,
			);
			path = kkeulmit;
			sourceTree = "<group>";
		};
		AAF17DC02DA63314000119B7 /* kkeulmitTests */ = {
			isa = PBXFileSystemSynchronizedRootGroup;
			path = kkeulmitTests;
			sourceTree = "<group>";
		};
		AAF17DCA2DA63314000119B7 /* kkeulmitUITests */ = {
			isa = PBXFileSystemSynchronizedRootGroup;
			path = kkeulmitUITests;
			sourceTree = "<group>";
		};
/* End PBXFileSystemSynchronizedRootGroup section */

/* Begin PBXFrameworksBuildPhase section */
		AAF17DA42DA63313000119B7 /* Frameworks */ = {
			isa = PBXFrameworksBuildPhase;
			buildActionMask = 2147483647;
			files = (
				AAF17DE82DA644E9000119B7 /* Alamofire in Frameworks */,
				AAF17DE22DA64488000119B7 /* SnapKit in Frameworks */,
				AAF1843E2DAF730A000119B7 /* GoogleGenerativeAI in Frameworks */,
				AAEC34062DB0C5FE00B950CD /* Lottie in Frameworks */,
			);
			runOnlyForDeploymentPostprocessing = 0;
		};
		AAF17DBA2DA63314000119B7 /* Frameworks */ = {
			isa = PBXFrameworksBuildPhase;
			buildActionMask = 2147483647;
			files = (
			);
			runOnlyForDeploymentPostprocessing = 0;
		};
		AAF17DC42DA63314000119B7 /* Frameworks */ = {
			isa = PBXFrameworksBuildPhase;
			buildActionMask = 2147483647;
			files = (
			);
			runOnlyForDeploymentPostprocessing = 0;
		};
/* End PBXFrameworksBuildPhase section */

/* Begin PBXGroup section */
		AAF17D9E2DA63313000119B7 = {
			isa = PBXGroup;
			children = (
				AAF17DA92DA63313000119B7 /* kkeulmit */,
				AAF17DC02DA63314000119B7 /* kkeulmitTests */,
				AAF17DCA2DA63314000119B7 /* kkeulmitUITests */,
				AAF17DA82DA63313000119B7 /* Products */,
			);
			sourceTree = "<group>";
		};
		AAF17DA82DA63313000119B7 /* Products */ = {
			isa = PBXGroup;
			children = (
				AAF17DA72DA63313000119B7 /* kkeulmit.app */,
				AAF17DBD2DA63314000119B7 /* kkeulmitTests.xctest */,
				AAF17DC72DA63314000119B7 /* kkeulmitUITests.xctest */,
			);
			name = Products;
			sourceTree = "<group>";
		};
/* End PBXGroup section */

/* Begin PBXNativeTarget section */
		AAF17DA62DA63313000119B7 /* kkeulmit */ = {
			isa = PBXNativeTarget;
			buildConfigurationList = AAF17DD02DA63314000119B7 /* Build configuration list for PBXNativeTarget "kkeulmit" */;
			buildPhases = (
				AAF17DA32DA63313000119B7 /* Sources */,
				AAF17DA42DA63313000119B7 /* Frameworks */,
				AAF17DA52DA63313000119B7 /* Resources */,
			);
			buildRules = (
			);
			dependencies = (
			);
			fileSystemSynchronizedGroups = (
				AAF17DA92DA63313000119B7 /* kkeulmit */,
			);
			name = kkeulmit;
			packageProductDependencies = (
				AAF17DE12DA64488000119B7 /* SnapKit */,
				AAF17DE72DA644E9000119B7 /* Alamofire */,
				AAF1843D2DAF730A000119B7 /* GoogleGenerativeAI */,
				AAEC34052DB0C5FE00B950CD /* Lottie */,
			);
			productName = kkeulmit;
			productReference = AAF17DA72DA63313000119B7 /* kkeulmit.app */;
			productType = "com.apple.product-type.application";
		};
		AAF17DBC2DA63314000119B7 /* kkeulmitTests */ = {
			isa = PBXNativeTarget;
			buildConfigurationList = AAF17DD52DA63314000119B7 /* Build configuration list for PBXNativeTarget "kkeulmitTests" */;
			buildPhases = (
				AAF17DB92DA63314000119B7 /* Sources */,
				AAF17DBA2DA63314000119B7 /* Frameworks */,
				AAF17DBB2DA63314000119B7 /* Resources */,
			);
			buildRules = (
			);
			dependencies = (
				AAF17DBF2DA63314000119B7 /* PBXTargetDependency */,
			);
			fileSystemSynchronizedGroups = (
				AAF17DC02DA63314000119B7 /* kkeulmitTests */,
			);
			name = kkeulmitTests;
			packageProductDependencies = (
			);
			productName = kkeulmitTests;
			productReference = AAF17DBD2DA63314000119B7 /* kkeulmitTests.xctest */;
			productType = "com.apple.product-type.bundle.unit-test";
		};
		AAF17DC62DA63314000119B7 /* kkeulmitUITests */ = {
			isa = PBXNativeTarget;
			buildConfigurationList = AAF17DD82DA63314000119B7 /* Build configuration list for PBXNativeTarget "kkeulmitUITests" */;
			buildPhases = (
				AAF17DC32DA63314000119B7 /* Sources */,
				AAF17DC42DA63314000119B7 /* Frameworks */,
				AAF17DC52DA63314000119B7 /* Resources */,
			);
			buildRules = (
			);
			dependencies = (
				AAF17DC92DA63314000119B7 /* PBXTargetDependency */,
			);
			fileSystemSynchronizedGroups = (
				AAF17DCA2DA63314000119B7 /* kkeulmitUITests */,
			);
			name = kkeulmitUITests;
			packageProductDependencies = (
			);
			productName = kkeulmitUITests;
			productReference = AAF17DC72DA63314000119B7 /* kkeulmitUITests.xctest */;
			productType = "com.apple.product-type.bundle.ui-testing";
		};
/* End PBXNativeTarget section */

/* Begin PBXProject section */
		AAF17D9F2DA63313000119B7 /* Project object */ = {
			isa = PBXProject;
			attributes = {
				BuildIndependentTargetsInParallel = 1;
				LastSwiftUpdateCheck = 1630;
				LastUpgradeCheck = 1630;
				TargetAttributes = {
					AAF17DA62DA63313000119B7 = {
						CreatedOnToolsVersion = 16.3;
					};
					AAF17DBC2DA63314000119B7 = {
						CreatedOnToolsVersion = 16.3;
						TestTargetID = AAF17DA62DA63313000119B7;
					};
					AAF17DC62DA63314000119B7 = {
						CreatedOnToolsVersion = 16.3;
						TestTargetID = AAF17DA62DA63313000119B7;
					};
				};
			};
			buildConfigurationList = AAF17DA22DA63313000119B7 /* Build configuration list for PBXProject "kkeulmit" */;
			developmentRegion = ko;
			hasScannedForEncodings = 0;
			knownRegions = (
				en,
				Base,
				ko,
			);
			mainGroup = AAF17D9E2DA63313000119B7;
			minimizedProjectReferenceProxies = 1;
			packageReferences = (
				AAF17DE02DA64488000119B7 /* XCRemoteSwiftPackageReference "SnapKit" */,
				AAF17DE62DA644E9000119B7 /* XCRemoteSwiftPackageReference "Alamofire" */,
				AAF1843C2DAF730A000119B7 /* XCRemoteSwiftPackageReference "deprecated-generative-ai-swift" */,
				AAEC34042DB0C5FE00B950CD /* XCRemoteSwiftPackageReference "lottie-ios" */,
			);
			preferredProjectObjectVersion = 77;
			productRefGroup = AAF17DA82DA63313000119B7 /* Products */;
			projectDirPath = "";
			projectRoot = "";
			targets = (
				AAF17DA62DA63313000119B7 /* kkeulmit */,
				AAF17DBC2DA63314000119B7 /* kkeulmitTests */,
				AAF17DC62DA63314000119B7 /* kkeulmitUITests */,
			);
		};
/* End PBXProject section */

/* Begin PBXResourcesBuildPhase section */
		AAF17DA52DA63313000119B7 /* Resources */ = {
			isa = PBXResourcesBuildPhase;
			buildActionMask = 2147483647;
			files = (
			);
			runOnlyForDeploymentPostprocessing = 0;
		};
		AAF17DBB2DA63314000119B7 /* Resources */ = {
			isa = PBXResourcesBuildPhase;
			buildActionMask = 2147483647;
			files = (
			);
			runOnlyForDeploymentPostprocessing = 0;
		};
		AAF17DC52DA63314000119B7 /* Resources */ = {
			isa = PBXResourcesBuildPhase;
			buildActionMask = 2147483647;
			files = (
			);
			runOnlyForDeploymentPostprocessing = 0;
		};
/* End PBXResourcesBuildPhase section */

/* Begin PBXSourcesBuildPhase section */
		AAF17DA32DA63313000119B7 /* Sources */ = {
			isa = PBXSourcesBuildPhase;
			buildActionMask = 2147483647;
			files = (
			);
			runOnlyForDeploymentPostprocessing = 0;
		};
		AAF17DB92DA63314000119B7 /* Sources */ = {
			isa = PBXSourcesBuildPhase;
			buildActionMask = 2147483647;
			files = (
			);
			runOnlyForDeploymentPostprocessing = 0;
		};
		AAF17DC32DA63314000119B7 /* Sources */ = {
			isa = PBXSourcesBuildPhase;
			buildActionMask = 2147483647;
			files = (
			);
			runOnlyForDeploymentPostprocessing = 0;
		};
/* End PBXSourcesBuildPhase section */

/* Begin PBXTargetDependency section */
		AAF17DBF2DA63314000119B7 /* PBXTargetDependency */ = {
			isa = PBXTargetDependency;
			target = AAF17DA62DA63313000119B7 /* kkeulmit */;
			targetProxy = AAF17DBE2DA63314000119B7 /* PBXContainerItemProxy */;
		};
		AAF17DC92DA63314000119B7 /* PBXTargetDependency */ = {
			isa = PBXTargetDependency;
			target = AAF17DA62DA63313000119B7 /* kkeulmit */;
			targetProxy = AAF17DC82DA63314000119B7 /* PBXContainerItemProxy */;
		};
/* End PBXTargetDependency section */

/* Begin XCBuildConfiguration section */
		AAF17DD12DA63314000119B7 /* Debug */ = {
			isa = XCBuildConfiguration;
			baseConfigurationReferenceAnchor = AAF17DA92DA63313000119B7 /* kkeulmit */;
			baseConfigurationReferenceRelativePath = APIKey.xcconfig;
			buildSettings = {
				ASSETCATALOG_COMPILER_APPICON_NAME = AppIcon;
				ASSETCATALOG_COMPILER_GLOBAL_ACCENT_COLOR_NAME = AccentColor;
				CODE_SIGN_STYLE = Automatic;
				CURRENT_PROJECT_VERSION = 1;
				DEVELOPMENT_TEAM = 52LJKQN5WQ;
				GENERATE_INFOPLIST_FILE = YES;
				INFOPLIST_FILE = kkeulmit/Info.plist;
				INFOPLIST_KEY_UIApplicationSupportsIndirectInputEvents = YES;
				INFOPLIST_KEY_UILaunchStoryboardName = LaunchScreen;
				INFOPLIST_KEY_UISupportedInterfaceOrientations_iPad = "UIInterfaceOrientationPortrait UIInterfaceOrientationPortraitUpsideDown UIInterfaceOrientationLandscapeLeft UIInterfaceOrientationLandscapeRight";
				INFOPLIST_KEY_UISupportedInterfaceOrientations_iPhone = "UIInterfaceOrientationPortrait UIInterfaceOrientationLandscapeLeft UIInterfaceOrientationLandscapeRight";
				IPHONEOS_DEPLOYMENT_TARGET = 16.0;
				LD_RUNPATH_SEARCH_PATHS = (
					"$(inherited)",
					"@executable_path/Frameworks",
				);
				MARKETING_VERSION = 1.0;
				PRODUCT_BUNDLE_IDENTIFIER = com.Crois.kkeulmit;
				PRODUCT_NAME = "$(TARGET_NAME)";
				SWIFT_EMIT_LOC_STRINGS = YES;
				SWIFT_VERSION = 5.0;
				TARGETED_DEVICE_FAMILY = "1,2";
			};
			name = Debug;
		};
		AAF17DD22DA63314000119B7 /* Release */ = {
			isa = XCBuildConfiguration;
			baseConfigurationReferenceAnchor = AAF17DA92DA63313000119B7 /* kkeulmit */;
			baseConfigurationReferenceRelativePath = APIKey.xcconfig;
			buildSettings = {
				ASSETCATALOG_COMPILER_APPICON_NAME = AppIcon;
				ASSETCATALOG_COMPILER_GLOBAL_ACCENT_COLOR_NAME = AccentColor;
				CODE_SIGN_STYLE = Automatic;
				CURRENT_PROJECT_VERSION = 1;
				DEVELOPMENT_TEAM = 52LJKQN5WQ;
				GENERATE_INFOPLIST_FILE = YES;
				INFOPLIST_FILE = kkeulmit/Info.plist;
				INFOPLIST_KEY_UIApplicationSupportsIndirectInputEvents = YES;
				INFOPLIST_KEY_UILaunchStoryboardName = LaunchScreen;
				INFOPLIST_KEY_UISupportedInterfaceOrientations_iPad = "UIInterfaceOrientationPortrait UIInterfaceOrientationPortraitUpsideDown UIInterfaceOrientationLandscapeLeft UIInterfaceOrientationLandscapeRight";
				INFOPLIST_KEY_UISupportedInterfaceOrientations_iPhone = "UIInterfaceOrientationPortrait UIInterfaceOrientationLandscapeLeft UIInterfaceOrientationLandscapeRight";
				IPHONEOS_DEPLOYMENT_TARGET = 16.0;
				LD_RUNPATH_SEARCH_PATHS = (
					"$(inherited)",
					"@executable_path/Frameworks",
				);
				MARKETING_VERSION = 1.0;
				PRODUCT_BUNDLE_IDENTIFIER = com.Crois.kkeulmit;
				PRODUCT_NAME = "$(TARGET_NAME)";
				SWIFT_EMIT_LOC_STRINGS = YES;
				SWIFT_VERSION = 5.0;
				TARGETED_DEVICE_FAMILY = "1,2";
			};
			name = Release;
		};
		AAF17DD32DA63314000119B7 /* Debug */ = {
			isa = XCBuildConfiguration;
			buildSettings = {
				ALWAYS_SEARCH_USER_PATHS = NO;
				ASSETCATALOG_COMPILER_GENERATE_SWIFT_ASSET_SYMBOL_EXTENSIONS = YES;
				CLANG_ANALYZER_LOCALIZABILITY_NONLOCALIZED = YES;
				CLANG_ANALYZER_NONNULL = YES;
				CLANG_ANALYZER_NUMBER_OBJECT_CONVERSION = YES_AGGRESSIVE;
				CLANG_CXX_LANGUAGE_STANDARD = "gnu++20";
				CLANG_ENABLE_MODULES = YES;
				CLANG_ENABLE_OBJC_ARC = YES;
				CLANG_ENABLE_OBJC_WEAK = YES;
				CLANG_WARN_BLOCK_CAPTURE_AUTORELEASING = YES;
				CLANG_WARN_BOOL_CONVERSION = YES;
				CLANG_WARN_COMMA = YES;
				CLANG_WARN_CONSTANT_CONVERSION = YES;
				CLANG_WARN_DEPRECATED_OBJC_IMPLEMENTATIONS = YES;
				CLANG_WARN_DIRECT_OBJC_ISA_USAGE = YES_ERROR;
				CLANG_WARN_DOCUMENTATION_COMMENTS = YES;
				CLANG_WARN_EMPTY_BODY = YES;
				CLANG_WARN_ENUM_CONVERSION = YES;
				CLANG_WARN_INFINITE_RECURSION = YES;
				CLANG_WARN_INT_CONVERSION = YES;
				CLANG_WARN_NON_LITERAL_NULL_CONVERSION = YES;
				CLANG_WARN_OBJC_IMPLICIT_RETAIN_SELF = YES;
				CLANG_WARN_OBJC_LITERAL_CONVERSION = YES;
				CLANG_WARN_OBJC_ROOT_CLASS = YES_ERROR;
				CLANG_WARN_QUOTED_INCLUDE_IN_FRAMEWORK_HEADER = YES;
				CLANG_WARN_RANGE_LOOP_ANALYSIS = YES;
				CLANG_WARN_STRICT_PROTOTYPES = YES;
				CLANG_WARN_SUSPICIOUS_MOVE = YES;
				CLANG_WARN_UNGUARDED_AVAILABILITY = YES_AGGRESSIVE;
				CLANG_WARN_UNREACHABLE_CODE = YES;
				CLANG_WARN__DUPLICATE_METHOD_MATCH = YES;
				COPY_PHASE_STRIP = NO;
				DEBUG_INFORMATION_FORMAT = dwarf;
				DEVELOPMENT_TEAM = 52LJKQN5WQ;
				ENABLE_STRICT_OBJC_MSGSEND = YES;
				ENABLE_TESTABILITY = YES;
				ENABLE_USER_SCRIPT_SANDBOXING = YES;
				GCC_C_LANGUAGE_STANDARD = gnu17;
				GCC_DYNAMIC_NO_PIC = NO;
				GCC_NO_COMMON_BLOCKS = YES;
				GCC_OPTIMIZATION_LEVEL = 0;
				GCC_PREPROCESSOR_DEFINITIONS = (
					"DEBUG=1",
					"$(inherited)",
				);
				GCC_WARN_64_TO_32_BIT_CONVERSION = YES;
				GCC_WARN_ABOUT_RETURN_TYPE = YES_ERROR;
				GCC_WARN_UNDECLARED_SELECTOR = YES;
				GCC_WARN_UNINITIALIZED_AUTOS = YES_AGGRESSIVE;
				GCC_WARN_UNUSED_FUNCTION = YES;
				GCC_WARN_UNUSED_VARIABLE = YES;
				IPHONEOS_DEPLOYMENT_TARGET = 18.4;
				LOCALIZATION_PREFERS_STRING_CATALOGS = YES;
				MTL_ENABLE_DEBUG_INFO = INCLUDE_SOURCE;
				MTL_FAST_MATH = YES;
				ONLY_ACTIVE_ARCH = YES;
				SDKROOT = iphoneos;
				SWIFT_ACTIVE_COMPILATION_CONDITIONS = "DEBUG $(inherited)";
				SWIFT_OPTIMIZATION_LEVEL = "-Onone";
			};
			name = Debug;
		};
		AAF17DD42DA63314000119B7 /* Release */ = {
			isa = XCBuildConfiguration;
			buildSettings = {
				ALWAYS_SEARCH_USER_PATHS = NO;
				ASSETCATALOG_COMPILER_GENERATE_SWIFT_ASSET_SYMBOL_EXTENSIONS = YES;
				CLANG_ANALYZER_LOCALIZABILITY_NONLOCALIZED = YES;
				CLANG_ANALYZER_NONNULL = YES;
				CLANG_ANALYZER_NUMBER_OBJECT_CONVERSION = YES_AGGRESSIVE;
				CLANG_CXX_LANGUAGE_STANDARD = "gnu++20";
				CLANG_ENABLE_MODULES = YES;
				CLANG_ENABLE_OBJC_ARC = YES;
				CLANG_ENABLE_OBJC_WEAK = YES;
				CLANG_WARN_BLOCK_CAPTURE_AUTORELEASING = YES;
				CLANG_WARN_BOOL_CONVERSION = YES;
				CLANG_WARN_COMMA = YES;
				CLANG_WARN_CONSTANT_CONVERSION = YES;
				CLANG_WARN_DEPRECATED_OBJC_IMPLEMENTATIONS = YES;
				CLANG_WARN_DIRECT_OBJC_ISA_USAGE = YES_ERROR;
				CLANG_WARN_DOCUMENTATION_COMMENTS = YES;
				CLANG_WARN_EMPTY_BODY = YES;
				CLANG_WARN_ENUM_CONVERSION = YES;
				CLANG_WARN_INFINITE_RECURSION = YES;
				CLANG_WARN_INT_CONVERSION = YES;
				CLANG_WARN_NON_LITERAL_NULL_CONVERSION = YES;
				CLANG_WARN_OBJC_IMPLICIT_RETAIN_SELF = YES;
				CLANG_WARN_OBJC_LITERAL_CONVERSION = YES;
				CLANG_WARN_OBJC_ROOT_CLASS = YES_ERROR;
				CLANG_WARN_QUOTED_INCLUDE_IN_FRAMEWORK_HEADER = YES;
				CLANG_WARN_RANGE_LOOP_ANALYSIS = YES;
				CLANG_WARN_STRICT_PROTOTYPES = YES;
				CLANG_WARN_SUSPICIOUS_MOVE = YES;
				CLANG_WARN_UNGUARDED_AVAILABILITY = YES_AGGRESSIVE;
				CLANG_WARN_UNREACHABLE_CODE = YES;
				CLANG_WARN__DUPLICATE_METHOD_MATCH = YES;
				COPY_PHASE_STRIP = NO;
				DEBUG_INFORMATION_FORMAT = "dwarf-with-dsym";
				DEVELOPMENT_TEAM = 52LJKQN5WQ;
				ENABLE_NS_ASSERTIONS = NO;
				ENABLE_STRICT_OBJC_MSGSEND = YES;
				ENABLE_USER_SCRIPT_SANDBOXING = YES;
				GCC_C_LANGUAGE_STANDARD = gnu17;
				GCC_NO_COMMON_BLOCKS = YES;
				GCC_WARN_64_TO_32_BIT_CONVERSION = YES;
				GCC_WARN_ABOUT_RETURN_TYPE = YES_ERROR;
				GCC_WARN_UNDECLARED_SELECTOR = YES;
				GCC_WARN_UNINITIALIZED_AUTOS = YES_AGGRESSIVE;
				GCC_WARN_UNUSED_FUNCTION = YES;
				GCC_WARN_UNUSED_VARIABLE = YES;
				IPHONEOS_DEPLOYMENT_TARGET = 18.4;
				LOCALIZATION_PREFERS_STRING_CATALOGS = YES;
				MTL_ENABLE_DEBUG_INFO = NO;
				MTL_FAST_MATH = YES;
				SDKROOT = iphoneos;
				SWIFT_COMPILATION_MODE = wholemodule;
				VALIDATE_PRODUCT = YES;
			};
			name = Release;
		};
		AAF17DD62DA63314000119B7 /* Debug */ = {
			isa = XCBuildConfiguration;
			buildSettings = {
				BUNDLE_LOADER = "$(TEST_HOST)";
				CODE_SIGN_STYLE = Automatic;
				CURRENT_PROJECT_VERSION = 1;
				DEVELOPMENT_TEAM = 52LJKQN5WQ;
				GENERATE_INFOPLIST_FILE = YES;
				IPHONEOS_DEPLOYMENT_TARGET = 18.4;
				MARKETING_VERSION = 1.0;
				PRODUCT_BUNDLE_IDENTIFIER = com.Crois.kkeulmitTests;
				PRODUCT_NAME = "$(TARGET_NAME)";
				SWIFT_EMIT_LOC_STRINGS = NO;
				SWIFT_VERSION = 5.0;
				TARGETED_DEVICE_FAMILY = "1,2";
				TEST_HOST = "$(BUILT_PRODUCTS_DIR)/kkeulmit.app/$(BUNDLE_EXECUTABLE_FOLDER_PATH)/kkeulmit";
			};
			name = Debug;
		};
		AAF17DD72DA63314000119B7 /* Release */ = {
			isa = XCBuildConfiguration;
			buildSettings = {
				BUNDLE_LOADER = "$(TEST_HOST)";
				CODE_SIGN_STYLE = Automatic;
				CURRENT_PROJECT_VERSION = 1;
				DEVELOPMENT_TEAM = 52LJKQN5WQ;
				GENERATE_INFOPLIST_FILE = YES;
				IPHONEOS_DEPLOYMENT_TARGET = 18.4;
				MARKETING_VERSION = 1.0;
				PRODUCT_BUNDLE_IDENTIFIER = com.Crois.kkeulmitTests;
				PRODUCT_NAME = "$(TARGET_NAME)";
				SWIFT_EMIT_LOC_STRINGS = NO;
				SWIFT_VERSION = 5.0;
				TARGETED_DEVICE_FAMILY = "1,2";
				TEST_HOST = "$(BUILT_PRODUCTS_DIR)/kkeulmit.app/$(BUNDLE_EXECUTABLE_FOLDER_PATH)/kkeulmit";
			};
			name = Release;
		};
		AAF17DD92DA63314000119B7 /* Debug */ = {
			isa = XCBuildConfiguration;
			buildSettings = {
				CODE_SIGN_STYLE = Automatic;
				CURRENT_PROJECT_VERSION = 1;
				DEVELOPMENT_TEAM = 52LJKQN5WQ;
				GENERATE_INFOPLIST_FILE = YES;
				MARKETING_VERSION = 1.0;
				PRODUCT_BUNDLE_IDENTIFIER = com.Crois.kkeulmitUITests;
				PRODUCT_NAME = "$(TARGET_NAME)";
				SWIFT_EMIT_LOC_STRINGS = NO;
				SWIFT_VERSION = 5.0;
				TARGETED_DEVICE_FAMILY = "1,2";
				TEST_TARGET_NAME = kkeulmit;
			};
			name = Debug;
		};
		AAF17DDA2DA63314000119B7 /* Release */ = {
			isa = XCBuildConfiguration;
			buildSettings = {
				CODE_SIGN_STYLE = Automatic;
				CURRENT_PROJECT_VERSION = 1;
				DEVELOPMENT_TEAM = 52LJKQN5WQ;
				GENERATE_INFOPLIST_FILE = YES;
				MARKETING_VERSION = 1.0;
				PRODUCT_BUNDLE_IDENTIFIER = com.Crois.kkeulmitUITests;
				PRODUCT_NAME = "$(TARGET_NAME)";
				SWIFT_EMIT_LOC_STRINGS = NO;
				SWIFT_VERSION = 5.0;
				TARGETED_DEVICE_FAMILY = "1,2";
				TEST_TARGET_NAME = kkeulmit;
			};
			name = Release;
		};
/* End XCBuildConfiguration section */

/* Begin XCConfigurationList section */
		AAF17DA22DA63313000119B7 /* Build configuration list for PBXProject "kkeulmit" */ = {
			isa = XCConfigurationList;
			buildConfigurations = (
				AAF17DD32DA63314000119B7 /* Debug */,
				AAF17DD42DA63314000119B7 /* Release */,
			);
			defaultConfigurationIsVisible = 0;
			defaultConfigurationName = Release;
		};
		AAF17DD02DA63314000119B7 /* Build configuration list for PBXNativeTarget "kkeulmit" */ = {
			isa = XCConfigurationList;
			buildConfigurations = (
				AAF17DD12DA63314000119B7 /* Debug */,
				AAF17DD22DA63314000119B7 /* Release */,
			);
			defaultConfigurationIsVisible = 0;
			defaultConfigurationName = Release;
		};
		AAF17DD52DA63314000119B7 /* Build configuration list for PBXNativeTarget "kkeulmitTests" */ = {
			isa = XCConfigurationList;
			buildConfigurations = (
				AAF17DD62DA63314000119B7 /* Debug */,
				AAF17DD72DA63314000119B7 /* Release */,
			);
			defaultConfigurationIsVisible = 0;
			defaultConfigurationName = Release;
		};
		AAF17DD82DA63314000119B7 /* Build configuration list for PBXNativeTarget "kkeulmitUITests" */ = {
			isa = XCConfigurationList;
			buildConfigurations = (
				AAF17DD92DA63314000119B7 /* Debug */,
				AAF17DDA2DA63314000119B7 /* Release */,
			);
			defaultConfigurationIsVisible = 0;
			defaultConfigurationName = Release;
		};
/* End XCConfigurationList section */

/* Begin XCRemoteSwiftPackageReference section */
		AAEC34042DB0C5FE00B950CD /* XCRemoteSwiftPackageReference "lottie-ios" */ = {
			isa = XCRemoteSwiftPackageReference;
			repositoryURL = "https://github.com/airbnb/lottie-ios";
			requirement = {
				kind = upToNextMajorVersion;
				minimumVersion = 4.5.1;
			};
		};
		AAF17DE02DA64488000119B7 /* XCRemoteSwiftPackageReference "SnapKit" */ = {
			isa = XCRemoteSwiftPackageReference;
			repositoryURL = "https://github.com/SnapKit/SnapKit.git";
			requirement = {
				kind = upToNextMajorVersion;
				minimumVersion = 5.7.1;
			};
		};
		AAF17DE62DA644E9000119B7 /* XCRemoteSwiftPackageReference "Alamofire" */ = {
			isa = XCRemoteSwiftPackageReference;
			repositoryURL = "https://github.com/Alamofire/Alamofire";
			requirement = {
				kind = upToNextMajorVersion;
				minimumVersion = 5.10.2;
			};
		};
		AAF1843C2DAF730A000119B7 /* XCRemoteSwiftPackageReference "deprecated-generative-ai-swift" */ = {
			isa = XCRemoteSwiftPackageReference;
			repositoryURL = "https://github.com/google-gemini/deprecated-generative-ai-swift";
			requirement = {
				kind = upToNextMajorVersion;
				minimumVersion = 0.5.6;
			};
		};
/* End XCRemoteSwiftPackageReference section */

/* Begin XCSwiftPackageProductDependency section */
		AAEC34052DB0C5FE00B950CD /* Lottie */ = {
			isa = XCSwiftPackageProductDependency;
			package = AAEC34042DB0C5FE00B950CD /* XCRemoteSwiftPackageReference "lottie-ios" */;
			productName = Lottie;
		};
		AAF17DE12DA64488000119B7 /* SnapKit */ = {
			isa = XCSwiftPackageProductDependency;
			package = AAF17DE02DA64488000119B7 /* XCRemoteSwiftPackageReference "SnapKit" */;
			productName = SnapKit;
		};
		AAF17DE72DA644E9000119B7 /* Alamofire */ = {
			isa = XCSwiftPackageProductDependency;
			package = AAF17DE62DA644E9000119B7 /* XCRemoteSwiftPackageReference "Alamofire" */;
			productName = Alamofire;
		};
		AAF1843D2DAF730A000119B7 /* GoogleGenerativeAI */ = {
			isa = XCSwiftPackageProductDependency;
			package = AAF1843C2DAF730A000119B7 /* XCRemoteSwiftPackageReference "deprecated-generative-ai-swift" */;
			productName = GoogleGenerativeAI;
		};
/* End XCSwiftPackageProductDependency section */
	};
	rootObject = AAF17D9F2DA63313000119B7 /* Project object */;
}
